packages:
- package: dbt-labs/codegen
  version: 0.12.1
- package: dbt-labs/dbt_utils
  version: 1.1.1
- package: mjirv/dbt_product_analytics
  version: 0.3.1
<<<<<<< HEAD
sha1_hash: 65881246a219804854e141b0786df0f25bddfa13
=======
- package: calogica/dbt_expectations
  version: 0.10.3
- package: Fleetio/dbt_segment
  version: 0.3.1
- package: data-mie/dbt_profiler
  version: 0.8.1
- package: infinitelambda/dq_tools
  version: 1.5.0
- package: jpmmcneill/dbt_graph_theory
  version: 0.1.0
- package: kgmcquate/testgen
  version: 1.0.3
- package: mjirv/dbt_datamocktool
  version: 0.3.5
- package: snowplow/snowplow_normalize
  version: 0.3.5
- package: tnightengale/dbt_activity_schema
  version: 0.4.1
- package: yu-iskw/dbt_ops
  version: 0.2.0
- package: dbt-labs/dbt_project_evaluator
  version: 0.10.0
- package: fivetran/amplitude
  version: 0.4.0
- package: calogica/dbt_date
  version: 0.10.1
- package: dbt-labs/audit_helper
  version: 0.11.0
- package: snowplow/snowplow_utils
  version: 0.16.4
- package: fivetran/amplitude_source
  version: 0.3.0
- package: fivetran/fivetran_utils
  version: 0.4.10
- package: dbt-labs/spark_utils
  version: 0.3.0
sha1_hash: 234e40f81b3d626f9aa9dbf6a5247d2f80dfed66
>>>>>>> 3aefc99 (changes)
